
Microsoft Visual Studio Solution File, Format Version 12.00
# Visual Studio 2013
Project("{FAE04EC0-301F-11D3-BF4B-00C04F79EFBC}") = "FWEE.CSharp", "FWEE.CSharp.csproj", "{B00DAC5B-8A25-1B44-2C98-EEFDEDA2F8FD}"
EndProject
Global
	GlobalSection(SolutionConfigurationPlatforms) = preSolution
		Debug|Any CPU = Debug|Any CPU
		Release|Any CPU = Release|Any CPU
	EndGlobalSection
	GlobalSection(ProjectConfigurationPlatforms) = postSolution
		{B00DAC5B-8A25-1B44-2C98-EEFDEDA2F8FD}.Debug|Any CPU.ActiveCfg = Debug|Any CPU
		{B00DAC5B-8A25-1B44-2C98-EEFDEDA2F8FD}.Debug|Any CPU.Build.0 = Debug|Any CPU
		{B00DAC5B-8A25-1B44-2C98-EEFDEDA2F8FD}.Release|Any CPU.ActiveCfg = Release|Any CPU
		{B00DAC5B-8A25-1B44-2C98-EEFDEDA2F8FD}.Release|Any CPU.Build.0 = Release|Any CPU
	EndGlobalSection
	GlobalSection(SolutionProperties) = preSolution
		HideSolutionNode = FALSE
	EndGlobalSection
EndGlobal
